
Microsoft Visual Studio Solution File, Format Version 12.00
# Visual Studio Version 16
VisualStudioVersion = 16.0.28803.352
MinimumVisualStudioVersion = 10.0.40219.1
Project("{FAE04EC0-301F-11D3-BF4B-00C04F79EFBC}") = "EmbeddedXsltTestFunction", "EmbeddedXsltTestFunction\EmbeddedXsltTestFunction.csproj", "{D733B22A-D742-4C7A-9679-E47664D18F66}"
EndProject
Global
	GlobalSection(SolutionConfigurationPlatforms) = preSolution
		Debug|Any CPU = Debug|Any CPU
		Release|Any CPU = Release|Any CPU
	EndGlobalSection
	GlobalSection(ProjectConfigurationPlatforms) = postSolution
		{D733B22A-D742-4C7A-9679-E47664D18F66}.Debug|Any CPU.ActiveCfg = Debug|Any CPU
		{D733B22A-D742-4C7A-9679-E47664D18F66}.Debug|Any CPU.Build.0 = Debug|Any CPU
		{D733B22A-D742-4C7A-9679-E47664D18F66}.Release|Any CPU.ActiveCfg = Release|Any CPU
		{D733B22A-D742-4C7A-9679-E47664D18F66}.Release|Any CPU.Build.0 = Release|Any CPU
	EndGlobalSection
	GlobalSection(SolutionProperties) = preSolution
		HideSolutionNode = FALSE
	EndGlobalSection
	GlobalSection(ExtensibilityGlobals) = postSolution
		SolutionGuid = {A020031C-7491-4C06-A6C6-AB52FF41BCAD}
	EndGlobalSection
EndGlobal
